awalterschulze.org/go/goderive v0.6.0 h1:P1Kp12zlNclDSvUpC0g6oebQ4jFRtXvRBF12JFnsuOE=
awalterschulze.org/go/goderive v0.6.0/go.mod h1:PvBdmGQ0AcKJHrH1ma7JGQhtFje6ZrNPIOvG977Jr2A=
github.com/goccmack/gocc v1.0.2 h1:PHv20lcM1Erz+kovS+c07DnDFp6X5cvghndtTXuEyfE=
github.com/goccmack/gocc v1.0.2/go.mod h1:LXX2tFVUggS/Zgx/ICPOr3MLyusuM7EcbfkPvNsjdO8=
github.com/kisielk/gotool v1.0.0 h1:AV2c/EiW3KqPNT9ZKl07ehoAGi4C5/01Cfbblndcapg=
github.com/kisielk/gotool v1.0.0/go.mod h1:XhKaO+MFFWcvkIS/tQcRk01m1F5IRFswLeQ+oQHNcck=
golang.org/x/mod v0.8.0 h1:LUYupSeNrTNCGzR/hVBk2NHZO4hXcVaW1k4Qx7rjPx8=
golang.org/x/mod v0.8.0/go.mod h1:iBbtSCu2XBx23ZKBPSOrRkjjQPZFPuis4dIYUhu/chs=
golang.org/x/sys v0.5.0 h1:MUK/U/4lj1t1oPg0HfuXDN/Z1wv31ZJ/YcPiGccS4DU=
golang.org/x/sys v0.5.0/go.mod h1:oPkhp1MJrh7nUepCBck5+mAzfO9JrbApNNgaTdGDITg=
golang.org/x/tools v0.6.0 h1:BOw41kyTf3PuCW1pVQf8+Cyg8pMlkYB1oo9iJ6D/lKM=
golang.org/x/tools v0.6.0/go.mod h1:Xwgl3UAJ/d3gWutnCtw505GrjyAbvKui8lOU390QaIU=
katydid.org.za/go/parser-go v0.10.0 h1:u16dXt7RkwN4cnYqdM+b9gphDcTD0ChFOe7JLG/zqds=
katydid.org.za/go/parser-go v0.10.0/go.mod h1:taZjKCAE3OUJrvdcZoLY9FHq0p6RXzZ8bSV63GIfofo=
katydid.org.za/go/parser-go-json v0.7.0 h1:Ij/Nkio38nXPBK3RGePn/h+puduDQL7intwpBxrEBC0=
katydid.org.za/go/parser-go-json v0.7.0/go.mod h1:P38iyMSQpXu0ZQiMCyJy7hxAqBGdRYbAfRLJKxLtUCM=
katydid.org.za/go/parser-go-reflect v0.4.0 h1:9j/3T+5hSMHe5eL6jv6TT0l//vw9H2w+Zn3nIWnY6xc=
katydid.org.za/go/parser-go-reflect v0.4.0/go.mod h1:6udw6y3e/vOG9JBmlRyJLJAim5siqe6qb/XKAyNk6kA=
